PODS:
  - ZLImageEditor (1.0.7):
    - ZLImageEditor/Core (= 1.0.7)
  - ZLImageEditor/Core (1.0.7)

DEPENDENCIES:
  - ZLImageEditor

SPEC REPOS:
  trunk:
    - ZLImageEditor

SPEC CHECKSUMS:
  ZLImageEditor: eae3fcfa3050b42111d53bd4c611c26637ef604d

PODFILE CHECKSUM: 4ae500d9c4a904dca96ee91c84b34bc5bb10daa8

COCOAPODS: 1.11.3
